
Microsoft Visual Studio Solution File, Format Version 12.00
# Visual Studio 2012
Project("{FAE04EC0-301F-11D3-BF4B-00C04F79EFBC}") = "SafeExamBrowser", "SafeExamBrowser.csproj", "{3C00D670-2F60-414F-AFAC-E166EA3BD01A}"
EndProject
Global
	GlobalSection(SolutionConfigurationPlatforms) = preSolution
		Debug|Any CPU = Debug|Any CPU
		Release|Any CPU = Release|Any CPU
	EndGlobalSection
	GlobalSection(ProjectConfigurationPlatforms) = postSolution
		{3C00D670-2F60-414F-AFAC-E166EA3BD01A}.Debug|Any CPU.ActiveCfg = Debug|Any CPU
		{3C00D670-2F60-414F-AFAC-E166EA3BD01A}.Debug|Any CPU.Build.0 = Debug|Any CPU
		{3C00D670-2F60-414F-AFAC-E166EA3BD01A}.Release|Any CPU.ActiveCfg = Release|Any CPU
		{3C00D670-2F60-414F-AFAC-E166EA3BD01A}.Release|Any CPU.Build.0 = Release|Any CPU
	EndGlobalSection
	GlobalSection(SolutionProperties) = preSolution
		HideSolutionNode = FALSE
	EndGlobalSection
EndGlobal
